
Microsoft Visual Studio Solution File, Format Version 12.00
# Visual Studio Version 17
VisualStudioVersion = 17.9.34728.123
MinimumVisualStudioVersion = 10.0.40219.1
Project("{FAE04EC0-301F-11D3-BF4B-00C04F79EFBC}") = "WpfApp2", "WpfApp2\WpfApp2.csproj", "{D1E1C4F9-0DBA-4BA8-8789-5F28168E52CE}"
EndProject
Global
	GlobalSection(SolutionConfigurationPlatforms) = preSolution
		Debug|Any CPU = Debug|Any CPU
		Release|Any CPU = Release|Any CPU
	EndGlobalSection
	GlobalSection(ProjectConfigurationPlatforms) = postSolution
		{D1E1C4F9-0DBA-4BA8-8789-5F28168E52CE}.Debug|Any CPU.ActiveCfg = Debug|Any CPU
		{D1E1C4F9-0DBA-4BA8-8789-5F28168E52CE}.Debug|Any CPU.Build.0 = Debug|Any CPU
		{D1E1C4F9-0DBA-4BA8-8789-5F28168E52CE}.Release|Any CPU.ActiveCfg = Release|Any CPU
		{D1E1C4F9-0DBA-4BA8-8789-5F28168E52CE}.Release|Any CPU.Build.0 = Release|Any CPU
	EndGlobalSection
	GlobalSection(SolutionProperties) = preSolution
		HideSolutionNode = FALSE
	EndGlobalSection
	GlobalSection(ExtensibilityGlobals) = postSolution
		SolutionGuid = {FC8C493E-78D7-45AE-A840-BBBE8A109D3B}
	EndGlobalSection
EndGlobal
